
Microsoft Visual Studio Solution File, Format Version 12.00
# Visual Studio Version 17
VisualStudioVersion = 17.14.36623.8
MinimumVisualStudioVersion = 10.0.40219.1
Project("{FAE04EC0-301F-11D3-BF4B-00C04F79EFBC}") = "MasterPol.Lib", "MasterPol.Lib\MasterPol.Lib.csproj", "{05CC11F8-5EB0-4610-BD2D-91B5AABEC521}"
EndProject
Project("{FAE04EC0-301F-11D3-BF4B-00C04F79EFBC}") = "MasterPol.WPF", "MasterPol.WPF\MasterPol.WPF.csproj", "{97A0CCBE-485B-4EBB-8D84-09C5B5EFAE98}"
EndProject
Project("{FAE04EC0-301F-11D3-BF4B-00C04F79EFBC}") = "MasterPol.LibTests", "MasterPol.LibTests\MasterPol.LibTests.csproj", "{9BEDF1AE-BE55-486C-9AB8-312F5916A68C}"
EndProject
Global
	GlobalSection(SolutionConfigurationPlatforms) = preSolution
		Debug|Any CPU = Debug|Any CPU
		Release|Any CPU = Release|Any CPU
	EndGlobalSection
	GlobalSection(ProjectConfigurationPlatforms) = postSolution
		{05CC11F8-5EB0-4610-BD2D-91B5AABEC521}.Debug|Any CPU.ActiveCfg = Debug|Any CPU
		{05CC11F8-5EB0-4610-BD2D-91B5AABEC521}.Debug|Any CPU.Build.0 = Debug|Any CPU
		{05CC11F8-5EB0-4610-BD2D-91B5AABEC521}.Release|Any CPU.ActiveCfg = Release|Any CPU
		{05CC11F8-5EB0-4610-BD2D-91B5AABEC521}.Release|Any CPU.Build.0 = Release|Any CPU
		{97A0CCBE-485B-4EBB-8D84-09C5B5EFAE98}.Debug|Any CPU.ActiveCfg = Debug|Any CPU
		{97A0CCBE-485B-4EBB-8D84-09C5B5EFAE98}.Debug|Any CPU.Build.0 = Debug|Any CPU
		{97A0CCBE-485B-4EBB-8D84-09C5B5EFAE98}.Release|Any CPU.ActiveCfg = Release|Any CPU
		{97A0CCBE-485B-4EBB-8D84-09C5B5EFAE98}.Release|Any CPU.Build.0 = Release|Any CPU
		{9BEDF1AE-BE55-486C-9AB8-312F5916A68C}.Debug|Any CPU.ActiveCfg = Debug|Any CPU
		{9BEDF1AE-BE55-486C-9AB8-312F5916A68C}.Debug|Any CPU.Build.0 = Debug|Any CPU
		{9BEDF1AE-BE55-486C-9AB8-312F5916A68C}.Release|Any CPU.ActiveCfg = Release|Any CPU
		{9BEDF1AE-BE55-486C-9AB8-312F5916A68C}.Release|Any CPU.Build.0 = Release|Any CPU
	EndGlobalSection
	GlobalSection(SolutionProperties) = preSolution
		HideSolutionNode = FALSE
	EndGlobalSection
	GlobalSection(ExtensibilityGlobals) = postSolution
		SolutionGuid = {59FECBF9-99EC-4F6A-9291-1C47417A8133}
	EndGlobalSection
EndGlobal
